# This file is autogenerated, do not edit; changes may be undone by the next 'dep ensure'.


[[projects]]
  name = "github.com/ieee0824/getenv"
  packages = ["."]
  revision = "c0967c2a6018ada0a7537084588ee1e5084b09ac"
  version = "v0.2"

[[projects]]
  name = "github.com/joho/godotenv"
  packages = ["."]
  revision = "23d116af351c84513e1946b527c88823e476be13"
  version = "v1.3.0"

[[projects]]
  branch = "master"
  name = "github.com/wirepair/gcd"
  packages = [
    ".",
    "gcdapi",
    "gcdmessage"
  ]
  revision = "3231a1db3b2236110c12850400000c9624168272"

[[projects]]
  branch = "master"
  name = "golang.org/x/net"
  packages = ["websocket"]
  revision = "f5e5bdd778241bfefa8627f7124c39cd6ad8d74f"

[solve-meta]
  analyzer-name = "dep"
  analyzer-version = 1
  inputs-digest = "264241a5a13d8e901528c1401582f5645b5e8ec2b68856d3ad6e74b911f74b36"
  solver-name = "gps-cdcl"
  solver-version = 1
