# This file is autogenerated, do not edit; changes may be undone by the next 'dep ensure'.


[[projects]]
  branch = "master"
  name = "github.com/ieee0824/getenv"
  packages = ["."]
  revision = "8f1e0ab5e7f09f2309a5b1d94833b42dfce9ede6"

[[projects]]
  branch = "master"
  name = "github.com/joho/godotenv"
  packages = ["."]
  revision = "325433c502d409f3c3dc820098fb0cfe38d98dc7"

[[projects]]
  branch = "master"
  name = "github.com/wirepair/gcd"
  packages = [".","gcdapi","gcdmessage"]
  revision = "ff9f0ca5e31a19ee9862a6aa427f4019233c78ab"

[[projects]]
  branch = "master"
  name = "golang.org/x/net"
  packages = ["websocket"]
  revision = "455220fa52c866a8aa14ff5e8cc68cde16b8395e"

[solve-meta]
  analyzer-name = "dep"
  analyzer-version = 1
  inputs-digest = "7f898482437114548d46b93dd01a8762065c10873466053c90479d4162e67187"
  solver-name = "gps-cdcl"
  solver-version = 1
